
Microsoft Visual Studio Solution File, Format Version 12.00
# Visual Studio Version 16
VisualStudioVersion = 16.0.31729.503
MinimumVisualStudioVersion = 10.0.40219.1
Project("{FAE04EC0-301F-11D3-BF4B-00C04F79EFBC}") = "SolveWare_BurnInLog", "LX_BI_Log\SolveWare_BurnInLog.csproj", "{9EA208B7-2605-4AE6-9B9C-63FC3093F3CB}"
EndProject
Project("{FAE04EC0-301F-11D3-BF4B-00C04F79EFBC}") = "LX_BI_Utilities", "LX_BI_Utilities\LX_BI_Utilities.csproj", "{BA16291D-189F-4AB3-A341-2CD5D7B8F0C5}"
EndProject
Project("{FAE04EC0-301F-11D3-BF4B-00C04F79EFBC}") = "SolveWare_BurnInAppInterface", "SolveWare_BurnInAppInterface\SolveWare_BurnInAppInterface.csproj", "{D2392C77-4A8D-4963-A0F7-3284A2EB23F5}"
EndProject
Project("{FAE04EC0-301F-11D3-BF4B-00C04F79EFBC}") = "SolveWare_BurnInCommon", "SolveWare_BurnInCommon\SolveWare_BurnInCommon.csproj", "{79BC6666-40CA-46EA-B248-DBCA4CA15CC1}"
EndProject
Project("{FAE04EC0-301F-11D3-BF4B-00C04F79EFBC}") = "SolveWare_TesterBranch", "SolveWare_TesterBranch\SolveWare_TesterBranch.csproj", "{411F333E-1300-455D-8B84-5187517B8CA7}"
EndProject
Project("{FAE04EC0-301F-11D3-BF4B-00C04F79EFBC}") = "SolveWare_BurnInException", "SolveWare_BurnInException\SolveWare_BurnInException.csproj", "{89793FB9-2F80-4A36-9EE7-B5E19A7EC76C}"
EndProject
Project("{FAE04EC0-301F-11D3-BF4B-00C04F79EFBC}") = "SolveWare_BurnInMessage", "SolveWare_BurnInMessage\SolveWare_BurnInMessage.csproj", "{FA48E509-4977-4847-B7DC-09BF86DA2485}"
EndProject
Project("{FAE04EC0-301F-11D3-BF4B-00C04F79EFBC}") = "SolveWare_Motion", "SolveWare_Motion\SolveWare_Motion.csproj", "{E2A16232-C8E3-4298-AF9D-D72400BD9424}"
EndProject
Project("{FAE04EC0-301F-11D3-BF4B-00C04F79EFBC}") = "SolveWare_BurnInInstruments", "SolveWare_BurnInInstruments\SolveWare_BurnInInstruments.csproj", "{A94FC1B6-2AA6-4929-9939-33B22669CE92}"
EndProject
Project("{FAE04EC0-301F-11D3-BF4B-00C04F79EFBC}") = "SolveWare_TestSpecification", "SolveWare_TestSpec\SolveWare_TestSpecification.csproj", "{2C9CC1B5-3978-45E3-9FF6-18A412CCDBDE}"
EndProject
Project("{FAE04EC0-301F-11D3-BF4B-00C04F79EFBC}") = "SolveWare_TestComponents", "SolveWare_TestComponents\SolveWare_TestComponents.csproj", "{BAFB1A6C-1C81-474B-8766-11F19B7363D5}"
EndProject
Project("{FAE04EC0-301F-11D3-BF4B-00C04F79EFBC}") = "SolveWare_IO", "SolveWare_IO\SolveWare_IO.csproj", "{767DF974-3553-4376-B71C-E45A694B2CD8}"
EndProject
Project("{FAE04EC0-301F-11D3-BF4B-00C04F79EFBC}") = "SolveWare_TestPlugin", "SolveWare_TestPlugin\SolveWare_TestPlugin.csproj", "{0B05B032-8AF4-4624-8A07-B62AC1A62E58}"
EndProject
Project("{FAE04EC0-301F-11D3-BF4B-00C04F79EFBC}") = "SolveWare_Vision", "SolveWare_Vision\SolveWare_Vision.csproj", "{0663708D-439D-48AC-9B6F-D5A08A28D44A}"
EndProject
Project("{FAE04EC0-301F-11D3-BF4B-00C04F79EFBC}") = "SolveWare_Permission", "SolveWare_Permission\SolveWare_Permission.csproj", "{ABB781CB-87EA-4478-9A8A-9844C2C3A603}"
EndProject
Project("{FAE04EC0-301F-11D3-BF4B-00C04F79EFBC}") = "SolveWare_Data_AccessDatabase", "SolveWare_Data_AccessDatabase\SolveWare_Data_AccessDatabase.csproj", "{D8F39B78-4E94-44FA-8C14-826450CFB08C}"
EndProject
Project("{FAE04EC0-301F-11D3-BF4B-00C04F79EFBC}") = "SolveWare_DataBaseViewer", "SolveWare_DataBaseViewer\SolveWare_DataBaseViewer.csproj", "{E0BE27D1-AAEE-418E-B709-8BE4A94F3A7B}"
EndProject
Project("{FAE04EC0-301F-11D3-BF4B-00C04F79EFBC}") = "SolveWare_DataAnalayzer", "SolveWare_DataAnalayzer\SolveWare_DataAnalayzer.csproj", "{38E5D4ED-2274-4A23-A3D3-3CF56C813C4C}"
EndProject
Project("{FAE04EC0-301F-11D3-BF4B-00C04F79EFBC}") = "SolveWare_BinSorter", "SolveWare_BinSorter\SolveWare_BinSorter.csproj", "{CFABDEFB-D225-4564-B977-6A23606C150E}"
EndProject
Project("{FAE04EC0-301F-11D3-BF4B-00C04F79EFBC}") = "SolveWare_SlaveStation", "SolveWare_SlaveStation\SolveWare_SlaveStation.csproj", "{CE80B689-B063-4809-8C64-23174FDF912F}"
EndProject
Project("{FAE04EC0-301F-11D3-BF4B-00C04F79EFBC}") = "SolveWare_TestPackage", "SolveWare_TestPackage\SolveWare_TestPackage.csproj", "{21EC4962-48DE-44E6-8008-2127AC167168}"
EndProject
Project("{FAE04EC0-301F-11D3-BF4B-00C04F79EFBC}") = "SolveWare_LX_9078Driver_Pack", "SolveWare_LX_9078Driver_Pack\SolveWare_LX_9078Driver_Pack.csproj", "{AC18A0F0-8133-4616-819E-5B3CA39D7C3E}"
EndProject
Project("{FAE04EC0-301F-11D3-BF4B-00C04F79EFBC}") = "SolveWare_PhotnNanoScan", "SolveWare_PhotnNanoScan\SolveWare_PhotnNanoScan.csproj", "{FA635768-C590-45AD-A382-CDE27E21753C}"
EndProject
Project("{FAE04EC0-301F-11D3-BF4B-00C04F79EFBC}") = "SolveWare_ThorlabsApt", "SolveWare_ThorlabsApt\SolveWare_ThorlabsApt.csproj", "{EB81E1AB-B6E9-4298-BA8F-911386CB0C0C}"
EndProject
Project("{FAE04EC0-301F-11D3-BF4B-00C04F79EFBC}") = "SolveWare_LX_ControlPackage", "SolveWare_LX_ControlPackage\SolveWare_LX_ControlPackage.csproj", "{C2281215-2B05-4291-9446-F11F94AED6FC}"
EndProject
Project("{FAE04EC0-301F-11D3-BF4B-00C04F79EFBC}") = "TestPlugin_Demo", "TestPlugin\TestPlugin_Demo\TestPlugin_Demo.csproj", "{8DE46A30-82BD-4626-98CC-0BFD414A7D0E}"
EndProject
Project("{FAE04EC0-301F-11D3-BF4B-00C04F79EFBC}") = "SolveWare_TestDatabase", "SolveWare_Database\SolveWare_TestDatabase.csproj", "{EF368A4D-AF09-4E24-9FBB-5A444F503539}"
EndProject
Project("{FAE04EC0-301F-11D3-BF4B-00C04F79EFBC}") = "TestPlugin_CoarseTuning", "TestPlugin_CoarseTuning\TestPlugin_CoarseTuning.csproj", "{88638CDC-001C-4738-A009-CD6BD379F9C6}"
EndProject
Project("{FAE04EC0-301F-11D3-BF4B-00C04F79EFBC}") = "LX_2DChartControl", "LX_2DChartControl\LX_2DChartControl\LX_2DChartControl.csproj", "{30FFF629-F030-4EC0-9BCA-93D6267C1776}"
EndProject
Global
	GlobalSection(SolutionConfigurationPlatforms) = preSolution
		Debug|Any CPU = Debug|Any CPU
		Debug|ARM = Debug|ARM
		Debug|ARM64 = Debug|ARM64
		Debug|x64 = Debug|x64
		Debug|x86 = Debug|x86
		Release|Any CPU = Release|Any CPU
		Release|ARM = Release|ARM
		Release|ARM64 = Release|ARM64
		Release|x64 = Release|x64
		Release|x86 = Release|x86
	EndGlobalSection
	GlobalSection(ProjectConfigurationPlatforms) = postSolution
		{9EA208B7-2605-4AE6-9B9C-63FC3093F3CB}.Debug|Any CPU.ActiveCfg = Debug|Any CPU
		{9EA208B7-2605-4AE6-9B9C-63FC3093F3CB}.Debug|Any CPU.Build.0 = Debug|Any CPU
		{9EA208B7-2605-4AE6-9B9C-63FC3093F3CB}.Debug|ARM.ActiveCfg = Debug|Any CPU
		{9EA208B7-2605-4AE6-9B9C-63FC3093F3CB}.Debug|ARM.Build.0 = Debug|Any CPU
		{9EA208B7-2605-4AE6-9B9C-63FC3093F3CB}.Debug|ARM64.ActiveCfg = Debug|Any CPU
		{9EA208B7-2605-4AE6-9B9C-63FC3093F3CB}.Debug|ARM64.Build.0 = Debug|Any CPU
		{9EA208B7-2605-4AE6-9B9C-63FC3093F3CB}.Debug|x64.ActiveCfg = Debug|Any CPU
		{9EA208B7-2605-4AE6-9B9C-63FC3093F3CB}.Debug|x64.Build.0 = Debug|Any CPU
		{9EA208B7-2605-4AE6-9B9C-63FC3093F3CB}.Debug|x86.ActiveCfg = Debug|Any CPU
		{9EA208B7-2605-4AE6-9B9C-63FC3093F3CB}.Debug|x86.Build.0 = Debug|Any CPU
		{9EA208B7-2605-4AE6-9B9C-63FC3093F3CB}.Release|Any CPU.ActiveCfg = Release|Any CPU
		{9EA208B7-2605-4AE6-9B9C-63FC3093F3CB}.Release|Any CPU.Build.0 = Release|Any CPU
		{9EA208B7-2605-4AE6-9B9C-63FC3093F3CB}.Release|ARM.ActiveCfg = Release|Any CPU
		{9EA208B7-2605-4AE6-9B9C-63FC3093F3CB}.Release|ARM.Build.0 = Release|Any CPU
		{9EA208B7-2605-4AE6-9B9C-63FC3093F3CB}.Release|ARM64.ActiveCfg = Release|Any CPU
		{9EA208B7-2605-4AE6-9B9C-63FC3093F3CB}.Release|ARM64.Build.0 = Release|Any CPU
		{9EA208B7-2605-4AE6-9B9C-63FC3093F3CB}.Release|x64.ActiveCfg = Release|Any CPU
		{9EA208B7-2605-4AE6-9B9C-63FC3093F3CB}.Release|x64.Build.0 = Release|Any CPU
		{9EA208B7-2605-4AE6-9B9C-63FC3093F3CB}.Release|x86.ActiveCfg = Release|Any CPU
		{9EA208B7-2605-4AE6-9B9C-63FC3093F3CB}.Release|x86.Build.0 = Release|Any CPU
		{BA16291D-189F-4AB3-A341-2CD5D7B8F0C5}.Debug|Any CPU.ActiveCfg = Debug|Any CPU
		{BA16291D-189F-4AB3-A341-2CD5D7B8F0C5}.Debug|Any CPU.Build.0 = Debug|Any CPU
		{BA16291D-189F-4AB3-A341-2CD5D7B8F0C5}.Debug|ARM.ActiveCfg = Debug|Any CPU
		{BA16291D-189F-4AB3-A341-2CD5D7B8F0C5}.Debug|ARM.Build.0 = Debug|Any CPU
		{BA16291D-189F-4AB3-A341-2CD5D7B8F0C5}.Debug|ARM64.ActiveCfg = Debug|Any CPU
		{BA16291D-189F-4AB3-A341-2CD5D7B8F0C5}.Debug|ARM64.Build.0 = Debug|Any CPU
		{BA16291D-189F-4AB3-A341-2CD5D7B8F0C5}.Debug|x64.ActiveCfg = Debug|Any CPU
		{BA16291D-189F-4AB3-A341-2CD5D7B8F0C5}.Debug|x64.Build.0 = Debug|Any CPU
		{BA16291D-189F-4AB3-A341-2CD5D7B8F0C5}.Debug|x86.ActiveCfg = Debug|Any CPU
		{BA16291D-189F-4AB3-A341-2CD5D7B8F0C5}.Debug|x86.Build.0 = Debug|Any CPU
		{BA16291D-189F-4AB3-A341-2CD5D7B8F0C5}.Release|Any CPU.ActiveCfg = Release|Any CPU
		{BA16291D-189F-4AB3-A341-2CD5D7B8F0C5}.Release|Any CPU.Build.0 = Release|Any CPU
		{BA16291D-189F-4AB3-A341-2CD5D7B8F0C5}.Release|ARM.ActiveCfg = Release|Any CPU
		{BA16291D-189F-4AB3-A341-2CD5D7B8F0C5}.Release|ARM.Build.0 = Release|Any CPU
		{BA16291D-189F-4AB3-A341-2CD5D7B8F0C5}.Release|ARM64.ActiveCfg = Release|Any CPU
		{BA16291D-189F-4AB3-A341-2CD5D7B8F0C5}.Release|ARM64.Build.0 = Release|Any CPU
		{BA16291D-189F-4AB3-A341-2CD5D7B8F0C5}.Release|x64.ActiveCfg = Release|Any CPU
		{BA16291D-189F-4AB3-A341-2CD5D7B8F0C5}.Release|x64.Build.0 = Release|Any CPU
		{BA16291D-189F-4AB3-A341-2CD5D7B8F0C5}.Release|x86.ActiveCfg = Release|Any CPU
		{BA16291D-189F-4AB3-A341-2CD5D7B8F0C5}.Release|x86.Build.0 = Release|Any CPU
		{D2392C77-4A8D-4963-A0F7-3284A2EB23F5}.Debug|Any CPU.ActiveCfg = Debug|Any CPU
		{D2392C77-4A8D-4963-A0F7-3284A2EB23F5}.Debug|Any CPU.Build.0 = Debug|Any CPU
		{D2392C77-4A8D-4963-A0F7-3284A2EB23F5}.Debug|ARM.ActiveCfg = Debug|Any CPU
		{D2392C77-4A8D-4963-A0F7-3284A2EB23F5}.Debug|ARM.Build.0 = Debug|Any CPU
		{D2392C77-4A8D-4963-A0F7-3284A2EB23F5}.Debug|ARM64.ActiveCfg = Debug|Any CPU
		{D2392C77-4A8D-4963-A0F7-3284A2EB23F5}.Debug|ARM64.Build.0 = Debug|Any CPU
		{D2392C77-4A8D-4963-A0F7-3284A2EB23F5}.Debug|x64.ActiveCfg = Debug|Any CPU
		{D2392C77-4A8D-4963-A0F7-3284A2EB23F5}.Debug|x64.Build.0 = Debug|Any CPU
		{D2392C77-4A8D-4963-A0F7-3284A2EB23F5}.Debug|x86.ActiveCfg = Debug|Any CPU
		{D2392C77-4A8D-4963-A0F7-3284A2EB23F5}.Debug|x86.Build.0 = Debug|Any CPU
		{D2392C77-4A8D-4963-A0F7-3284A2EB23F5}.Release|Any CPU.ActiveCfg = Release|Any CPU
		{D2392C77-4A8D-4963-A0F7-3284A2EB23F5}.Release|Any CPU.Build.0 = Release|Any CPU
		{D2392C77-4A8D-4963-A0F7-3284A2EB23F5}.Release|ARM.ActiveCfg = Release|Any CPU
		{D2392C77-4A8D-4963-A0F7-3284A2EB23F5}.Release|ARM.Build.0 = Release|Any CPU
		{D2392C77-4A8D-4963-A0F7-3284A2EB23F5}.Release|ARM64.ActiveCfg = Release|Any CPU
		{D2392C77-4A8D-4963-A0F7-3284A2EB23F5}.Release|ARM64.Build.0 = Release|Any CPU
		{D2392C77-4A8D-4963-A0F7-3284A2EB23F5}.Release|x64.ActiveCfg = Release|Any CPU
		{D2392C77-4A8D-4963-A0F7-3284A2EB23F5}.Release|x64.Build.0 = Release|Any CPU
		{D2392C77-4A8D-4963-A0F7-3284A2EB23F5}.Release|x86.ActiveCfg = Release|Any CPU
		{D2392C77-4A8D-4963-A0F7-3284A2EB23F5}.Release|x86.Build.0 = Release|Any CPU
		{79BC6666-40CA-46EA-B248-DBCA4CA15CC1}.Debug|Any CPU.ActiveCfg = Debug|Any CPU
		{79BC6666-40CA-46EA-B248-DBCA4CA15CC1}.Debug|Any CPU.Build.0 = Debug|Any CPU
		{79BC6666-40CA-46EA-B248-DBCA4CA15CC1}.Debug|ARM.ActiveCfg = Debug|Any CPU
		{79BC6666-40CA-46EA-B248-DBCA4CA15CC1}.Debug|ARM.Build.0 = Debug|Any CPU
		{79BC6666-40CA-46EA-B248-DBCA4CA15CC1}.Debug|ARM64.ActiveCfg = Debug|Any CPU
		{79BC6666-40CA-46EA-B248-DBCA4CA15CC1}.Debug|ARM64.Build.0 = Debug|Any CPU
		{79BC6666-40CA-46EA-B248-DBCA4CA15CC1}.Debug|x64.ActiveCfg = Debug|Any CPU
		{79BC6666-40CA-46EA-B248-DBCA4CA15CC1}.Debug|x64.Build.0 = Debug|Any CPU
		{79BC6666-40CA-46EA-B248-DBCA4CA15CC1}.Debug|x86.ActiveCfg = Debug|Any CPU
		{79BC6666-40CA-46EA-B248-DBCA4CA15CC1}.Debug|x86.Build.0 = Debug|Any CPU
		{79BC6666-40CA-46EA-B248-DBCA4CA15CC1}.Release|Any CPU.ActiveCfg = Release|Any CPU
		{79BC6666-40CA-46EA-B248-DBCA4CA15CC1}.Release|Any CPU.Build.0 = Release|Any CPU
		{79BC6666-40CA-46EA-B248-DBCA4CA15CC1}.Release|ARM.ActiveCfg = Release|Any CPU
		{79BC6666-40CA-46EA-B248-DBCA4CA15CC1}.Release|ARM.Build.0 = Release|Any CPU
		{79BC6666-40CA-46EA-B248-DBCA4CA15CC1}.Release|ARM64.ActiveCfg = Release|Any CPU
		{79BC6666-40CA-46EA-B248-DBCA4CA15CC1}.Release|ARM64.Build.0 = Release|Any CPU
		{79BC6666-40CA-46EA-B248-DBCA4CA15CC1}.Release|x64.ActiveCfg = Release|Any CPU
		{79BC6666-40CA-46EA-B248-DBCA4CA15CC1}.Release|x64.Build.0 = Release|Any CPU
		{79BC6666-40CA-46EA-B248-DBCA4CA15CC1}.Release|x86.ActiveCfg = Release|Any CPU
		{79BC6666-40CA-46EA-B248-DBCA4CA15CC1}.Release|x86.Build.0 = Release|Any CPU
		{411F333E-1300-455D-8B84-5187517B8CA7}.Debug|Any CPU.ActiveCfg = Debug|Any CPU
		{411F333E-1300-455D-8B84-5187517B8CA7}.Debug|Any CPU.Build.0 = Debug|Any CPU
		{411F333E-1300-455D-8B84-5187517B8CA7}.Debug|ARM.ActiveCfg = Debug|Any CPU
		{411F333E-1300-455D-8B84-5187517B8CA7}.Debug|ARM.Build.0 = Debug|Any CPU
		{411F333E-1300-455D-8B84-5187517B8CA7}.Debug|ARM64.ActiveCfg = Debug|Any CPU
		{411F333E-1300-455D-8B84-5187517B8CA7}.Debug|ARM64.Build.0 = Debug|Any CPU
		{411F333E-1300-455D-8B84-5187517B8CA7}.Debug|x64.ActiveCfg = Debug|Any CPU
		{411F333E-1300-455D-8B84-5187517B8CA7}.Debug|x64.Build.0 = Debug|Any CPU
		{411F333E-1300-455D-8B84-5187517B8CA7}.Debug|x86.ActiveCfg = Debug|Any CPU
		{411F333E-1300-455D-8B84-5187517B8CA7}.Debug|x86.Build.0 = Debug|Any CPU
		{411F333E-1300-455D-8B84-5187517B8CA7}.Release|Any CPU.ActiveCfg = Release|Any CPU
		{411F333E-1300-455D-8B84-5187517B8CA7}.Release|Any CPU.Build.0 = Release|Any CPU
		{411F333E-1300-455D-8B84-5187517B8CA7}.Release|ARM.ActiveCfg = Release|Any CPU
		{411F333E-1300-455D-8B84-5187517B8CA7}.Release|ARM.Build.0 = Release|Any CPU
		{411F333E-1300-455D-8B84-5187517B8CA7}.Release|ARM64.ActiveCfg = Release|Any CPU
		{411F333E-1300-455D-8B84-5187517B8CA7}.Release|ARM64.Build.0 = Release|Any CPU
		{411F333E-1300-455D-8B84-5187517B8CA7}.Release|x64.ActiveCfg = Release|Any CPU
		{411F333E-1300-455D-8B84-5187517B8CA7}.Release|x64.Build.0 = Release|Any CPU
		{411F333E-1300-455D-8B84-5187517B8CA7}.Release|x86.ActiveCfg = Release|Any CPU
		{411F333E-1300-455D-8B84-5187517B8CA7}.Release|x86.Build.0 = Release|Any CPU
		{89793FB9-2F80-4A36-9EE7-B5E19A7EC76C}.Debug|Any CPU.ActiveCfg = Debug|Any CPU
		{89793FB9-2F80-4A36-9EE7-B5E19A7EC76C}.Debug|Any CPU.Build.0 = Debug|Any CPU
		{89793FB9-2F80-4A36-9EE7-B5E19A7EC76C}.Debug|ARM.ActiveCfg = Debug|Any CPU
		{89793FB9-2F80-4A36-9EE7-B5E19A7EC76C}.Debug|ARM.Build.0 = Debug|Any CPU
		{89793FB9-2F80-4A36-9EE7-B5E19A7EC76C}.Debug|ARM64.ActiveCfg = Debug|Any CPU
		{89793FB9-2F80-4A36-9EE7-B5E19A7EC76C}.Debug|ARM64.Build.0 = Debug|Any CPU
		{89793FB9-2F80-4A36-9EE7-B5E19A7EC76C}.Debug|x64.ActiveCfg = Debug|Any CPU
		{89793FB9-2F80-4A36-9EE7-B5E19A7EC76C}.Debug|x64.Build.0 = Debug|Any CPU
		{89793FB9-2F80-4A36-9EE7-B5E19A7EC76C}.Debug|x86.ActiveCfg = Debug|Any CPU
		{89793FB9-2F80-4A36-9EE7-B5E19A7EC76C}.Debug|x86.Build.0 = Debug|Any CPU
		{89793FB9-2F80-4A36-9EE7-B5E19A7EC76C}.Release|Any CPU.ActiveCfg = Release|Any CPU
		{89793FB9-2F80-4A36-9EE7-B5E19A7EC76C}.Release|Any CPU.Build.0 = Release|Any CPU
		{89793FB9-2F80-4A36-9EE7-B5E19A7EC76C}.Release|ARM.ActiveCfg = Release|Any CPU
		{89793FB9-2F80-4A36-9EE7-B5E19A7EC76C}.Release|ARM.Build.0 = Release|Any CPU
		{89793FB9-2F80-4A36-9EE7-B5E19A7EC76C}.Release|ARM64.ActiveCfg = Release|Any CPU
		{89793FB9-2F80-4A36-9EE7-B5E19A7EC76C}.Release|ARM64.Build.0 = Release|Any CPU
		{89793FB9-2F80-4A36-9EE7-B5E19A7EC76C}.Release|x64.ActiveCfg = Release|Any CPU
		{89793FB9-2F80-4A36-9EE7-B5E19A7EC76C}.Release|x64.Build.0 = Release|Any CPU
		{89793FB9-2F80-4A36-9EE7-B5E19A7EC76C}.Release|x86.ActiveCfg = Release|Any CPU
		{89793FB9-2F80-4A36-9EE7-B5E19A7EC76C}.Release|x86.Build.0 = Release|Any CPU
		{FA48E509-4977-4847-B7DC-09BF86DA2485}.Debug|Any CPU.ActiveCfg = Debug|Any CPU
		{FA48E509-4977-4847-B7DC-09BF86DA2485}.Debug|Any CPU.Build.0 = Debug|Any CPU
		{FA48E509-4977-4847-B7DC-09BF86DA2485}.Debug|ARM.ActiveCfg = Debug|Any CPU
		{FA48E509-4977-4847-B7DC-09BF86DA2485}.Debug|ARM.Build.0 = Debug|Any CPU
		{FA48E509-4977-4847-B7DC-09BF86DA2485}.Debug|ARM64.ActiveCfg = Debug|Any CPU
		{FA48E509-4977-4847-B7DC-09BF86DA2485}.Debug|ARM64.Build.0 = Debug|Any CPU
		{FA48E509-4977-4847-B7DC-09BF86DA2485}.Debug|x64.ActiveCfg = Debug|Any CPU
		{FA48E509-4977-4847-B7DC-09BF86DA2485}.Debug|x64.Build.0 = Debug|Any CPU
		{FA48E509-4977-4847-B7DC-09BF86DA2485}.Debug|x86.ActiveCfg = Debug|Any CPU
		{FA48E509-4977-4847-B7DC-09BF86DA2485}.Debug|x86.Build.0 = Debug|Any CPU
		{FA48E509-4977-4847-B7DC-09BF86DA2485}.Release|Any CPU.ActiveCfg = Release|Any CPU
		{FA48E509-4977-4847-B7DC-09BF86DA2485}.Release|Any CPU.Build.0 = Release|Any CPU
		{FA48E509-4977-4847-B7DC-09BF86DA2485}.Release|ARM.ActiveCfg = Release|Any CPU
		{FA48E509-4977-4847-B7DC-09BF86DA2485}.Release|ARM.Build.0 = Release|Any CPU
		{FA48E509-4977-4847-B7DC-09BF86DA2485}.Release|ARM64.ActiveCfg = Release|Any CPU
		{FA48E509-4977-4847-B7DC-09BF86DA2485}.Release|ARM64.Build.0 = Release|Any CPU
		{FA48E509-4977-4847-B7DC-09BF86DA2485}.Release|x64.ActiveCfg = Release|Any CPU
		{FA48E509-4977-4847-B7DC-09BF86DA2485}.Release|x64.Build.0 = Release|Any CPU
		{FA48E509-4977-4847-B7DC-09BF86DA2485}.Release|x86.ActiveCfg = Release|Any CPU
		{FA48E509-4977-4847-B7DC-09BF86DA2485}.Release|x86.Build.0 = Release|Any CPU
		{E2A16232-C8E3-4298-AF9D-D72400BD9424}.Debug|Any CPU.ActiveCfg = Debug|Any CPU
		{E2A16232-C8E3-4298-AF9D-D72400BD9424}.Debug|Any CPU.Build.0 = Debug|Any CPU
		{E2A16232-C8E3-4298-AF9D-D72400BD9424}.Debug|ARM.ActiveCfg = Debug|Any CPU
		{E2A16232-C8E3-4298-AF9D-D72400BD9424}.Debug|ARM.Build.0 = Debug|Any CPU
		{E2A16232-C8E3-4298-AF9D-D72400BD9424}.Debug|ARM64.ActiveCfg = Debug|Any CPU
		{E2A16232-C8E3-4298-AF9D-D72400BD9424}.Debug|ARM64.Build.0 = Debug|Any CPU
		{E2A16232-C8E3-4298-AF9D-D72400BD9424}.Debug|x64.ActiveCfg = Debug|x64
		{E2A16232-C8E3-4298-AF9D-D72400BD9424}.Debug|x64.Build.0 = Debug|x64
		{E2A16232-C8E3-4298-AF9D-D72400BD9424}.Debug|x86.ActiveCfg = Debug|x86
		{E2A16232-C8E3-4298-AF9D-D72400BD9424}.Debug|x86.Build.0 = Debug|x86
		{E2A16232-C8E3-4298-AF9D-D72400BD9424}.Release|Any CPU.ActiveCfg = Release|Any CPU
		{E2A16232-C8E3-4298-AF9D-D72400BD9424}.Release|Any CPU.Build.0 = Release|Any CPU
		{E2A16232-C8E3-4298-AF9D-D72400BD9424}.Release|ARM.ActiveCfg = Release|Any CPU
		{E2A16232-C8E3-4298-AF9D-D72400BD9424}.Release|ARM.Build.0 = Release|Any CPU
		{E2A16232-C8E3-4298-AF9D-D72400BD9424}.Release|ARM64.ActiveCfg = Release|Any CPU
		{E2A16232-C8E3-4298-AF9D-D72400BD9424}.Release|ARM64.Build.0 = Release|Any CPU
		{E2A16232-C8E3-4298-AF9D-D72400BD9424}.Release|x64.ActiveCfg = Release|x64
		{E2A16232-C8E3-4298-AF9D-D72400BD9424}.Release|x64.Build.0 = Release|x64
		{E2A16232-C8E3-4298-AF9D-D72400BD9424}.Release|x86.ActiveCfg = Release|x86
		{E2A16232-C8E3-4298-AF9D-D72400BD9424}.Release|x86.Build.0 = Release|x86
		{A94FC1B6-2AA6-4929-9939-33B22669CE92}.Debug|Any CPU.ActiveCfg = Debug|Any CPU
		{A94FC1B6-2AA6-4929-9939-33B22669CE92}.Debug|Any CPU.Build.0 = Debug|Any CPU
		{A94FC1B6-2AA6-4929-9939-33B22669CE92}.Debug|ARM.ActiveCfg = Debug|Any CPU
		{A94FC1B6-2AA6-4929-9939-33B22669CE92}.Debug|ARM.Build.0 = Debug|Any CPU
		{A94FC1B6-2AA6-4929-9939-33B22669CE92}.Debug|ARM64.ActiveCfg = Debug|Any CPU
		{A94FC1B6-2AA6-4929-9939-33B22669CE92}.Debug|ARM64.Build.0 = Debug|Any CPU
		{A94FC1B6-2AA6-4929-9939-33B22669CE92}.Debug|x64.ActiveCfg = Debug|Any CPU
		{A94FC1B6-2AA6-4929-9939-33B22669CE92}.Debug|x64.Build.0 = Debug|Any CPU
		{A94FC1B6-2AA6-4929-9939-33B22669CE92}.Debug|x86.ActiveCfg = Debug|Any CPU
		{A94FC1B6-2AA6-4929-9939-33B22669CE92}.Debug|x86.Build.0 = Debug|Any CPU
		{A94FC1B6-2AA6-4929-9939-33B22669CE92}.Release|Any CPU.ActiveCfg = Release|Any CPU
		{A94FC1B6-2AA6-4929-9939-33B22669CE92}.Release|Any CPU.Build.0 = Release|Any CPU
		{A94FC1B6-2AA6-4929-9939-33B22669CE92}.Release|ARM.ActiveCfg = Release|Any CPU
		{A94FC1B6-2AA6-4929-9939-33B22669CE92}.Release|ARM.Build.0 = Release|Any CPU
		{A94FC1B6-2AA6-4929-9939-33B22669CE92}.Release|ARM64.ActiveCfg = Release|Any CPU
		{A94FC1B6-2AA6-4929-9939-33B22669CE92}.Release|ARM64.Build.0 = Release|Any CPU
		{A94FC1B6-2AA6-4929-9939-33B22669CE92}.Release|x64.ActiveCfg = Release|Any CPU
		{A94FC1B6-2AA6-4929-9939-33B22669CE92}.Release|x64.Build.0 = Release|Any CPU
		{A94FC1B6-2AA6-4929-9939-33B22669CE92}.Release|x86.ActiveCfg = Release|Any CPU
		{A94FC1B6-2AA6-4929-9939-33B22669CE92}.Release|x86.Build.0 = Release|Any CPU
		{2C9CC1B5-3978-45E3-9FF6-18A412CCDBDE}.Debug|Any CPU.ActiveCfg = Debug|Any CPU
		{2C9CC1B5-3978-45E3-9FF6-18A412CCDBDE}.Debug|Any CPU.Build.0 = Debug|Any CPU
		{2C9CC1B5-3978-45E3-9FF6-18A412CCDBDE}.Debug|ARM.ActiveCfg = Debug|Any CPU
		{2C9CC1B5-3978-45E3-9FF6-18A412CCDBDE}.Debug|ARM.Build.0 = Debug|Any CPU
		{2C9CC1B5-3978-45E3-9FF6-18A412CCDBDE}.Debug|ARM64.ActiveCfg = Debug|Any CPU
		{2C9CC1B5-3978-45E3-9FF6-18A412CCDBDE}.Debug|ARM64.Build.0 = Debug|Any CPU
		{2C9CC1B5-3978-45E3-9FF6-18A412CCDBDE}.Debug|x64.ActiveCfg = Debug|Any CPU
		{2C9CC1B5-3978-45E3-9FF6-18A412CCDBDE}.Debug|x64.Build.0 = Debug|Any CPU
		{2C9CC1B5-3978-45E3-9FF6-18A412CCDBDE}.Debug|x86.ActiveCfg = Debug|Any CPU
		{2C9CC1B5-3978-45E3-9FF6-18A412CCDBDE}.Debug|x86.Build.0 = Debug|Any CPU
		{2C9CC1B5-3978-45E3-9FF6-18A412CCDBDE}.Release|Any CPU.ActiveCfg = Release|Any CPU
		{2C9CC1B5-3978-45E3-9FF6-18A412CCDBDE}.Release|Any CPU.Build.0 = Release|Any CPU
		{2C9CC1B5-3978-45E3-9FF6-18A412CCDBDE}.Release|ARM.ActiveCfg = Release|Any CPU
		{2C9CC1B5-3978-45E3-9FF6-18A412CCDBDE}.Release|ARM.Build.0 = Release|Any CPU
		{2C9CC1B5-3978-45E3-9FF6-18A412CCDBDE}.Release|ARM64.ActiveCfg = Release|Any CPU
		{2C9CC1B5-3978-45E3-9FF6-18A412CCDBDE}.Release|ARM64.Build.0 = Release|Any CPU
		{2C9CC1B5-3978-45E3-9FF6-18A412CCDBDE}.Release|x64.ActiveCfg = Release|Any CPU
		{2C9CC1B5-3978-45E3-9FF6-18A412CCDBDE}.Release|x64.Build.0 = Release|Any CPU
		{2C9CC1B5-3978-45E3-9FF6-18A412CCDBDE}.Release|x86.ActiveCfg = Release|Any CPU
		{2C9CC1B5-3978-45E3-9FF6-18A412CCDBDE}.Release|x86.Build.0 = Release|Any CPU
		{BAFB1A6C-1C81-474B-8766-11F19B7363D5}.Debug|Any CPU.ActiveCfg = Debug|Any CPU
		{BAFB1A6C-1C81-474B-8766-11F19B7363D5}.Debug|Any CPU.Build.0 = Debug|Any CPU
		{BAFB1A6C-1C81-474B-8766-11F19B7363D5}.Debug|ARM.ActiveCfg = Debug|Any CPU
		{BAFB1A6C-1C81-474B-8766-11F19B7363D5}.Debug|ARM.Build.0 = Debug|Any CPU
		{BAFB1A6C-1C81-474B-8766-11F19B7363D5}.Debug|ARM64.ActiveCfg = Debug|Any CPU
		{BAFB1A6C-1C81-474B-8766-11F19B7363D5}.Debug|ARM64.Build.0 = Debug|Any CPU
		{BAFB1A6C-1C81-474B-8766-11F19B7363D5}.Debug|x64.ActiveCfg = Debug|Any CPU
		{BAFB1A6C-1C81-474B-8766-11F19B7363D5}.Debug|x64.Build.0 = Debug|Any CPU
		{BAFB1A6C-1C81-474B-8766-11F19B7363D5}.Debug|x86.ActiveCfg = Debug|Any CPU
		{BAFB1A6C-1C81-474B-8766-11F19B7363D5}.Debug|x86.Build.0 = Debug|Any CPU
		{BAFB1A6C-1C81-474B-8766-11F19B7363D5}.Release|Any CPU.ActiveCfg = Release|Any CPU
		{BAFB1A6C-1C81-474B-8766-11F19B7363D5}.Release|Any CPU.Build.0 = Release|Any CPU
		{BAFB1A6C-1C81-474B-8766-11F19B7363D5}.Release|ARM.ActiveCfg = Release|Any CPU
		{BAFB1A6C-1C81-474B-8766-11F19B7363D5}.Release|ARM.Build.0 = Release|Any CPU
		{BAFB1A6C-1C81-474B-8766-11F19B7363D5}.Release|ARM64.ActiveCfg = Release|Any CPU
		{BAFB1A6C-1C81-474B-8766-11F19B7363D5}.Release|ARM64.Build.0 = Release|Any CPU
		{BAFB1A6C-1C81-474B-8766-11F19B7363D5}.Release|x64.ActiveCfg = Release|Any CPU
		{BAFB1A6C-1C81-474B-8766-11F19B7363D5}.Release|x64.Build.0 = Release|Any CPU
		{BAFB1A6C-1C81-474B-8766-11F19B7363D5}.Release|x86.ActiveCfg = Release|Any CPU
		{BAFB1A6C-1C81-474B-8766-11F19B7363D5}.Release|x86.Build.0 = Release|Any CPU
		{767DF974-3553-4376-B71C-E45A694B2CD8}.Debug|Any CPU.ActiveCfg = Debug|Any CPU
		{767DF974-3553-4376-B71C-E45A694B2CD8}.Debug|Any CPU.Build.0 = Debug|Any CPU
		{767DF974-3553-4376-B71C-E45A694B2CD8}.Debug|ARM.ActiveCfg = Debug|Any CPU
		{767DF974-3553-4376-B71C-E45A694B2CD8}.Debug|ARM.Build.0 = Debug|Any CPU
		{767DF974-3553-4376-B71C-E45A694B2CD8}.Debug|ARM64.ActiveCfg = Debug|Any CPU
		{767DF974-3553-4376-B71C-E45A694B2CD8}.Debug|ARM64.Build.0 = Debug|Any CPU
		{767DF974-3553-4376-B71C-E45A694B2CD8}.Debug|x64.ActiveCfg = Debug|Any CPU
		{767DF974-3553-4376-B71C-E45A694B2CD8}.Debug|x64.Build.0 = Debug|Any CPU
		{767DF974-3553-4376-B71C-E45A694B2CD8}.Debug|x86.ActiveCfg = Debug|Any CPU
		{767DF974-3553-4376-B71C-E45A694B2CD8}.Debug|x86.Build.0 = Debug|Any CPU
		{767DF974-3553-4376-B71C-E45A694B2CD8}.Release|Any CPU.ActiveCfg = Release|Any CPU
		{767DF974-3553-4376-B71C-E45A694B2CD8}.Release|Any CPU.Build.0 = Release|Any CPU
		{767DF974-3553-4376-B71C-E45A694B2CD8}.Release|ARM.ActiveCfg = Release|Any CPU
		{767DF974-3553-4376-B71C-E45A694B2CD8}.Release|ARM.Build.0 = Release|Any CPU
		{767DF974-3553-4376-B71C-E45A694B2CD8}.Release|ARM64.ActiveCfg = Release|Any CPU
		{767DF974-3553-4376-B71C-E45A694B2CD8}.Release|ARM64.Build.0 = Release|Any CPU
		{767DF974-3553-4376-B71C-E45A694B2CD8}.Release|x64.ActiveCfg = Release|Any CPU
		{767DF974-3553-4376-B71C-E45A694B2CD8}.Release|x64.Build.0 = Release|Any CPU
		{767DF974-3553-4376-B71C-E45A694B2CD8}.Release|x86.ActiveCfg = Release|Any CPU
		{767DF974-3553-4376-B71C-E45A694B2CD8}.Release|x86.Build.0 = Release|Any CPU
		{0B05B032-8AF4-4624-8A07-B62AC1A62E58}.Debug|Any CPU.ActiveCfg = Debug|Any CPU
		{0B05B032-8AF4-4624-8A07-B62AC1A62E58}.Debug|Any CPU.Build.0 = Debug|Any CPU
		{0B05B032-8AF4-4624-8A07-B62AC1A62E58}.Debug|ARM.ActiveCfg = Debug|Any CPU
		{0B05B032-8AF4-4624-8A07-B62AC1A62E58}.Debug|ARM.Build.0 = Debug|Any CPU
		{0B05B032-8AF4-4624-8A07-B62AC1A62E58}.Debug|ARM64.ActiveCfg = Debug|Any CPU
		{0B05B032-8AF4-4624-8A07-B62AC1A62E58}.Debug|ARM64.Build.0 = Debug|Any CPU
		{0B05B032-8AF4-4624-8A07-B62AC1A62E58}.Debug|x64.ActiveCfg = Debug|Any CPU
		{0B05B032-8AF4-4624-8A07-B62AC1A62E58}.Debug|x64.Build.0 = Debug|Any CPU
		{0B05B032-8AF4-4624-8A07-B62AC1A62E58}.Debug|x86.ActiveCfg = Debug|Any CPU
		{0B05B032-8AF4-4624-8A07-B62AC1A62E58}.Debug|x86.Build.0 = Debug|Any CPU
		{0B05B032-8AF4-4624-8A07-B62AC1A62E58}.Release|Any CPU.ActiveCfg = Release|Any CPU
		{0B05B032-8AF4-4624-8A07-B62AC1A62E58}.Release|Any CPU.Build.0 = Release|Any CPU
		{0B05B032-8AF4-4624-8A07-B62AC1A62E58}.Release|ARM.ActiveCfg = Release|Any CPU
		{0B05B032-8AF4-4624-8A07-B62AC1A62E58}.Release|ARM.Build.0 = Release|Any CPU
		{0B05B032-8AF4-4624-8A07-B62AC1A62E58}.Release|ARM64.ActiveCfg = Release|Any CPU
		{0B05B032-8AF4-4624-8A07-B62AC1A62E58}.Release|ARM64.Build.0 = Release|Any CPU
		{0B05B032-8AF4-4624-8A07-B62AC1A62E58}.Release|x64.ActiveCfg = Release|Any CPU
		{0B05B032-8AF4-4624-8A07-B62AC1A62E58}.Release|x64.Build.0 = Release|Any CPU
		{0B05B032-8AF4-4624-8A07-B62AC1A62E58}.Release|x86.ActiveCfg = Release|Any CPU
		{0B05B032-8AF4-4624-8A07-B62AC1A62E58}.Release|x86.Build.0 = Release|Any CPU
		{0663708D-439D-48AC-9B6F-D5A08A28D44A}.Debug|Any CPU.ActiveCfg = Debug|Any CPU
		{0663708D-439D-48AC-9B6F-D5A08A28D44A}.Debug|Any CPU.Build.0 = Debug|Any CPU
		{0663708D-439D-48AC-9B6F-D5A08A28D44A}.Debug|ARM.ActiveCfg = Debug|Any CPU
		{0663708D-439D-48AC-9B6F-D5A08A28D44A}.Debug|ARM.Build.0 = Debug|Any CPU
		{0663708D-439D-48AC-9B6F-D5A08A28D44A}.Debug|ARM64.ActiveCfg = Debug|Any CPU
		{0663708D-439D-48AC-9B6F-D5A08A28D44A}.Debug|ARM64.Build.0 = Debug|Any CPU
		{0663708D-439D-48AC-9B6F-D5A08A28D44A}.Debug|x64.ActiveCfg = Debug|Any CPU
		{0663708D-439D-48AC-9B6F-D5A08A28D44A}.Debug|x64.Build.0 = Debug|Any CPU
		{0663708D-439D-48AC-9B6F-D5A08A28D44A}.Debug|x86.ActiveCfg = Debug|Any CPU
		{0663708D-439D-48AC-9B6F-D5A08A28D44A}.Debug|x86.Build.0 = Debug|Any CPU
		{0663708D-439D-48AC-9B6F-D5A08A28D44A}.Release|Any CPU.ActiveCfg = Release|Any CPU
		{0663708D-439D-48AC-9B6F-D5A08A28D44A}.Release|Any CPU.Build.0 = Release|Any CPU
		{0663708D-439D-48AC-9B6F-D5A08A28D44A}.Release|ARM.ActiveCfg = Release|Any CPU
		{0663708D-439D-48AC-9B6F-D5A08A28D44A}.Release|ARM.Build.0 = Release|Any CPU
		{0663708D-439D-48AC-9B6F-D5A08A28D44A}.Release|ARM64.ActiveCfg = Release|Any CPU
		{0663708D-439D-48AC-9B6F-D5A08A28D44A}.Release|ARM64.Build.0 = Release|Any CPU
		{0663708D-439D-48AC-9B6F-D5A08A28D44A}.Release|x64.ActiveCfg = Release|Any CPU
		{0663708D-439D-48AC-9B6F-D5A08A28D44A}.Release|x64.Build.0 = Release|Any CPU
		{0663708D-439D-48AC-9B6F-D5A08A28D44A}.Release|x86.ActiveCfg = Release|Any CPU
		{0663708D-439D-48AC-9B6F-D5A08A28D44A}.Release|x86.Build.0 = Release|Any CPU
		{ABB781CB-87EA-4478-9A8A-9844C2C3A603}.Debug|Any CPU.ActiveCfg = Debug|Any CPU
		{ABB781CB-87EA-4478-9A8A-9844C2C3A603}.Debug|Any CPU.Build.0 = Debug|Any CPU
		{ABB781CB-87EA-4478-9A8A-9844C2C3A603}.Debug|ARM.ActiveCfg = Debug|Any CPU
		{ABB781CB-87EA-4478-9A8A-9844C2C3A603}.Debug|ARM.Build.0 = Debug|Any CPU
		{ABB781CB-87EA-4478-9A8A-9844C2C3A603}.Debug|ARM64.ActiveCfg = Debug|Any CPU
		{ABB781CB-87EA-4478-9A8A-9844C2C3A603}.Debug|ARM64.Build.0 = Debug|Any CPU
		{ABB781CB-87EA-4478-9A8A-9844C2C3A603}.Debug|x64.ActiveCfg = Debug|Any CPU
		{ABB781CB-87EA-4478-9A8A-9844C2C3A603}.Debug|x64.Build.0 = Debug|Any CPU
		{ABB781CB-87EA-4478-9A8A-9844C2C3A603}.Debug|x86.ActiveCfg = Debug|Any CPU
		{ABB781CB-87EA-4478-9A8A-9844C2C3A603}.Debug|x86.Build.0 = Debug|Any CPU
		{ABB781CB-87EA-4478-9A8A-9844C2C3A603}.Release|Any CPU.ActiveCfg = Release|Any CPU
		{ABB781CB-87EA-4478-9A8A-9844C2C3A603}.Release|Any CPU.Build.0 = Release|Any CPU
		{ABB781CB-87EA-4478-9A8A-9844C2C3A603}.Release|ARM.ActiveCfg = Release|Any CPU
		{ABB781CB-87EA-4478-9A8A-9844C2C3A603}.Release|ARM.Build.0 = Release|Any CPU
		{ABB781CB-87EA-4478-9A8A-9844C2C3A603}.Release|ARM64.ActiveCfg = Release|Any CPU
		{ABB781CB-87EA-4478-9A8A-9844C2C3A603}.Release|ARM64.Build.0 = Release|Any CPU
		{ABB781CB-87EA-4478-9A8A-9844C2C3A603}.Release|x64.ActiveCfg = Release|Any CPU
		{ABB781CB-87EA-4478-9A8A-9844C2C3A603}.Release|x64.Build.0 = Release|Any CPU
		{ABB781CB-87EA-4478-9A8A-9844C2C3A603}.Release|x86.ActiveCfg = Release|Any CPU
		{ABB781CB-87EA-4478-9A8A-9844C2C3A603}.Release|x86.Build.0 = Release|Any CPU
		{D8F39B78-4E94-44FA-8C14-826450CFB08C}.Debug|Any CPU.ActiveCfg = Debug|Any CPU
		{D8F39B78-4E94-44FA-8C14-826450CFB08C}.Debug|Any CPU.Build.0 = Debug|Any CPU
		{D8F39B78-4E94-44FA-8C14-826450CFB08C}.Debug|ARM.ActiveCfg = Debug|Any CPU
		{D8F39B78-4E94-44FA-8C14-826450CFB08C}.Debug|ARM.Build.0 = Debug|Any CPU
		{D8F39B78-4E94-44FA-8C14-826450CFB08C}.Debug|ARM64.ActiveCfg = Debug|Any CPU
		{D8F39B78-4E94-44FA-8C14-826450CFB08C}.Debug|ARM64.Build.0 = Debug|Any CPU
		{D8F39B78-4E94-44FA-8C14-826450CFB08C}.Debug|x64.ActiveCfg = Debug|Any CPU
		{D8F39B78-4E94-44FA-8C14-826450CFB08C}.Debug|x64.Build.0 = Debug|Any CPU
		{D8F39B78-4E94-44FA-8C14-826450CFB08C}.Debug|x86.ActiveCfg = Debug|Any CPU
		{D8F39B78-4E94-44FA-8C14-826450CFB08C}.Debug|x86.Build.0 = Debug|Any CPU
		{D8F39B78-4E94-44FA-8C14-826450CFB08C}.Release|Any CPU.ActiveCfg = Release|Any CPU
		{D8F39B78-4E94-44FA-8C14-826450CFB08C}.Release|Any CPU.Build.0 = Release|Any CPU
		{D8F39B78-4E94-44FA-8C14-826450CFB08C}.Release|ARM.ActiveCfg = Release|Any CPU
		{D8F39B78-4E94-44FA-8C14-826450CFB08C}.Release|ARM.Build.0 = Release|Any CPU
		{D8F39B78-4E94-44FA-8C14-826450CFB08C}.Release|ARM64.ActiveCfg = Release|Any CPU
		{D8F39B78-4E94-44FA-8C14-826450CFB08C}.Release|ARM64.Build.0 = Release|Any CPU
		{D8F39B78-4E94-44FA-8C14-826450CFB08C}.Release|x64.ActiveCfg = Release|Any CPU
		{D8F39B78-4E94-44FA-8C14-826450CFB08C}.Release|x64.Build.0 = Release|Any CPU
		{D8F39B78-4E94-44FA-8C14-826450CFB08C}.Release|x86.ActiveCfg = Release|Any CPU
		{D8F39B78-4E94-44FA-8C14-826450CFB08C}.Release|x86.Build.0 = Release|Any CPU
		{E0BE27D1-AAEE-418E-B709-8BE4A94F3A7B}.Debug|Any CPU.ActiveCfg = Debug|Any CPU
		{E0BE27D1-AAEE-418E-B709-8BE4A94F3A7B}.Debug|Any CPU.Build.0 = Debug|Any CPU
		{E0BE27D1-AAEE-418E-B709-8BE4A94F3A7B}.Debug|ARM.ActiveCfg = Debug|Any CPU
		{E0BE27D1-AAEE-418E-B709-8BE4A94F3A7B}.Debug|ARM.Build.0 = Debug|Any CPU
		{E0BE27D1-AAEE-418E-B709-8BE4A94F3A7B}.Debug|ARM64.ActiveCfg = Debug|Any CPU
		{E0BE27D1-AAEE-418E-B709-8BE4A94F3A7B}.Debug|ARM64.Build.0 = Debug|Any CPU
		{E0BE27D1-AAEE-418E-B709-8BE4A94F3A7B}.Debug|x64.ActiveCfg = Debug|Any CPU
		{E0BE27D1-AAEE-418E-B709-8BE4A94F3A7B}.Debug|x64.Build.0 = Debug|Any CPU
		{E0BE27D1-AAEE-418E-B709-8BE4A94F3A7B}.Debug|x86.ActiveCfg = Debug|Any CPU
		{E0BE27D1-AAEE-418E-B709-8BE4A94F3A7B}.Debug|x86.Build.0 = Debug|Any CPU
		{E0BE27D1-AAEE-418E-B709-8BE4A94F3A7B}.Release|Any CPU.ActiveCfg = Release|Any CPU
		{E0BE27D1-AAEE-418E-B709-8BE4A94F3A7B}.Release|Any CPU.Build.0 = Release|Any CPU
		{E0BE27D1-AAEE-418E-B709-8BE4A94F3A7B}.Release|ARM.ActiveCfg = Release|Any CPU
		{E0BE27D1-AAEE-418E-B709-8BE4A94F3A7B}.Release|ARM.Build.0 = Release|Any CPU
		{E0BE27D1-AAEE-418E-B709-8BE4A94F3A7B}.Release|ARM64.ActiveCfg = Release|Any CPU
		{E0BE27D1-AAEE-418E-B709-8BE4A94F3A7B}.Release|ARM64.Build.0 = Release|Any CPU
		{E0BE27D1-AAEE-418E-B709-8BE4A94F3A7B}.Release|x64.ActiveCfg = Release|Any CPU
		{E0BE27D1-AAEE-418E-B709-8BE4A94F3A7B}.Release|x64.Build.0 = Release|Any CPU
		{E0BE27D1-AAEE-418E-B709-8BE4A94F3A7B}.Release|x86.ActiveCfg = Release|Any CPU
		{E0BE27D1-AAEE-418E-B709-8BE4A94F3A7B}.Release|x86.Build.0 = Release|Any CPU
		{38E5D4ED-2274-4A23-A3D3-3CF56C813C4C}.Debug|Any CPU.ActiveCfg = Debug|Any CPU
		{38E5D4ED-2274-4A23-A3D3-3CF56C813C4C}.Debug|Any CPU.Build.0 = Debug|Any CPU
		{38E5D4ED-2274-4A23-A3D3-3CF56C813C4C}.Debug|ARM.ActiveCfg = Debug|Any CPU
		{38E5D4ED-2274-4A23-A3D3-3CF56C813C4C}.Debug|ARM.Build.0 = Debug|Any CPU
		{38E5D4ED-2274-4A23-A3D3-3CF56C813C4C}.Debug|ARM64.ActiveCfg = Debug|Any CPU
		{38E5D4ED-2274-4A23-A3D3-3CF56C813C4C}.Debug|ARM64.Build.0 = Debug|Any CPU
		{38E5D4ED-2274-4A23-A3D3-3CF56C813C4C}.Debug|x64.ActiveCfg = Debug|Any CPU
		{38E5D4ED-2274-4A23-A3D3-3CF56C813C4C}.Debug|x64.Build.0 = Debug|Any CPU
		{38E5D4ED-2274-4A23-A3D3-3CF56C813C4C}.Debug|x86.ActiveCfg = Debug|Any CPU
		{38E5D4ED-2274-4A23-A3D3-3CF56C813C4C}.Debug|x86.Build.0 = Debug|Any CPU
		{38E5D4ED-2274-4A23-A3D3-3CF56C813C4C}.Release|Any CPU.ActiveCfg = Release|Any CPU
		{38E5D4ED-2274-4A23-A3D3-3CF56C813C4C}.Release|Any CPU.Build.0 = Release|Any CPU
		{38E5D4ED-2274-4A23-A3D3-3CF56C813C4C}.Release|ARM.ActiveCfg = Release|Any CPU
		{38E5D4ED-2274-4A23-A3D3-3CF56C813C4C}.Release|ARM.Build.0 = Release|Any CPU
		{38E5D4ED-2274-4A23-A3D3-3CF56C813C4C}.Release|ARM64.ActiveCfg = Release|Any CPU
		{38E5D4ED-2274-4A23-A3D3-3CF56C813C4C}.Release|ARM64.Build.0 = Release|Any CPU
		{38E5D4ED-2274-4A23-A3D3-3CF56C813C4C}.Release|x64.ActiveCfg = Release|Any CPU
		{38E5D4ED-2274-4A23-A3D3-3CF56C813C4C}.Release|x64.Build.0 = Release|Any CPU
		{38E5D4ED-2274-4A23-A3D3-3CF56C813C4C}.Release|x86.ActiveCfg = Release|Any CPU
		{38E5D4ED-2274-4A23-A3D3-3CF56C813C4C}.Release|x86.Build.0 = Release|Any CPU
		{CFABDEFB-D225-4564-B977-6A23606C150E}.Debug|Any CPU.ActiveCfg = Debug|Any CPU
		{CFABDEFB-D225-4564-B977-6A23606C150E}.Debug|Any CPU.Build.0 = Debug|Any CPU
		{CFABDEFB-D225-4564-B977-6A23606C150E}.Debug|ARM.ActiveCfg = Debug|Any CPU
		{CFABDEFB-D225-4564-B977-6A23606C150E}.Debug|ARM.Build.0 = Debug|Any CPU
		{CFABDEFB-D225-4564-B977-6A23606C150E}.Debug|ARM64.ActiveCfg = Debug|Any CPU
		{CFABDEFB-D225-4564-B977-6A23606C150E}.Debug|ARM64.Build.0 = Debug|Any CPU
		{CFABDEFB-D225-4564-B977-6A23606C150E}.Debug|x64.ActiveCfg = Debug|Any CPU
		{CFABDEFB-D225-4564-B977-6A23606C150E}.Debug|x64.Build.0 = Debug|Any CPU
		{CFABDEFB-D225-4564-B977-6A23606C150E}.Debug|x86.ActiveCfg = Debug|Any CPU
		{CFABDEFB-D225-4564-B977-6A23606C150E}.Debug|x86.Build.0 = Debug|Any CPU
		{CFABDEFB-D225-4564-B977-6A23606C150E}.Release|Any CPU.ActiveCfg = Release|Any CPU
		{CFABDEFB-D225-4564-B977-6A23606C150E}.Release|Any CPU.Build.0 = Release|Any CPU
		{CFABDEFB-D225-4564-B977-6A23606C150E}.Release|ARM.ActiveCfg = Release|Any CPU
		{CFABDEFB-D225-4564-B977-6A23606C150E}.Release|ARM.Build.0 = Release|Any CPU
		{CFABDEFB-D225-4564-B977-6A23606C150E}.Release|ARM64.ActiveCfg = Release|Any CPU
		{CFABDEFB-D225-4564-B977-6A23606C150E}.Release|ARM64.Build.0 = Release|Any CPU
		{CFABDEFB-D225-4564-B977-6A23606C150E}.Release|x64.ActiveCfg = Release|Any CPU
		{CFABDEFB-D225-4564-B977-6A23606C150E}.Release|x64.Build.0 = Release|Any CPU
		{CFABDEFB-D225-4564-B977-6A23606C150E}.Release|x86.ActiveCfg = Release|Any CPU
		{CFABDEFB-D225-4564-B977-6A23606C150E}.Release|x86.Build.0 = Release|Any CPU
		{CE80B689-B063-4809-8C64-23174FDF912F}.Debug|Any CPU.ActiveCfg = Debug|Any CPU
		{CE80B689-B063-4809-8C64-23174FDF912F}.Debug|Any CPU.Build.0 = Debug|Any CPU
		{CE80B689-B063-4809-8C64-23174FDF912F}.Debug|ARM.ActiveCfg = Debug|Any CPU
		{CE80B689-B063-4809-8C64-23174FDF912F}.Debug|ARM.Build.0 = Debug|Any CPU
		{CE80B689-B063-4809-8C64-23174FDF912F}.Debug|ARM64.ActiveCfg = Debug|Any CPU
		{CE80B689-B063-4809-8C64-23174FDF912F}.Debug|ARM64.Build.0 = Debug|Any CPU
		{CE80B689-B063-4809-8C64-23174FDF912F}.Debug|x64.ActiveCfg = Debug|Any CPU
		{CE80B689-B063-4809-8C64-23174FDF912F}.Debug|x64.Build.0 = Debug|Any CPU
		{CE80B689-B063-4809-8C64-23174FDF912F}.Debug|x86.ActiveCfg = Debug|Any CPU
		{CE80B689-B063-4809-8C64-23174FDF912F}.Debug|x86.Build.0 = Debug|Any CPU
		{CE80B689-B063-4809-8C64-23174FDF912F}.Release|Any CPU.ActiveCfg = Release|Any CPU
		{CE80B689-B063-4809-8C64-23174FDF912F}.Release|Any CPU.Build.0 = Release|Any CPU
		{CE80B689-B063-4809-8C64-23174FDF912F}.Release|ARM.ActiveCfg = Release|Any CPU
		{CE80B689-B063-4809-8C64-23174FDF912F}.Release|ARM.Build.0 = Release|Any CPU
		{CE80B689-B063-4809-8C64-23174FDF912F}.Release|ARM64.ActiveCfg = Release|Any CPU
		{CE80B689-B063-4809-8C64-23174FDF912F}.Release|ARM64.Build.0 = Release|Any CPU
		{CE80B689-B063-4809-8C64-23174FDF912F}.Release|x64.ActiveCfg = Release|Any CPU
		{CE80B689-B063-4809-8C64-23174FDF912F}.Release|x64.Build.0 = Release|Any CPU
		{CE80B689-B063-4809-8C64-23174FDF912F}.Release|x86.ActiveCfg = Release|Any CPU
		{CE80B689-B063-4809-8C64-23174FDF912F}.Release|x86.Build.0 = Release|Any CPU
		{21EC4962-48DE-44E6-8008-2127AC167168}.Debug|Any CPU.ActiveCfg = Debug|Any CPU
		{21EC4962-48DE-44E6-8008-2127AC167168}.Debug|Any CPU.Build.0 = Debug|Any CPU
		{21EC4962-48DE-44E6-8008-2127AC167168}.Debug|ARM.ActiveCfg = Debug|Any CPU
		{21EC4962-48DE-44E6-8008-2127AC167168}.Debug|ARM.Build.0 = Debug|Any CPU
		{21EC4962-48DE-44E6-8008-2127AC167168}.Debug|ARM64.ActiveCfg = Debug|Any CPU
		{21EC4962-48DE-44E6-8008-2127AC167168}.Debug|ARM64.Build.0 = Debug|Any CPU
		{21EC4962-48DE-44E6-8008-2127AC167168}.Debug|x64.ActiveCfg = Debug|Any CPU
		{21EC4962-48DE-44E6-8008-2127AC167168}.Debug|x64.Build.0 = Debug|Any CPU
		{21EC4962-48DE-44E6-8008-2127AC167168}.Debug|x86.ActiveCfg = Debug|Any CPU
		{21EC4962-48DE-44E6-8008-2127AC167168}.Debug|x86.Build.0 = Debug|Any CPU
		{21EC4962-48DE-44E6-8008-2127AC167168}.Release|Any CPU.ActiveCfg = Release|Any CPU
		{21EC4962-48DE-44E6-8008-2127AC167168}.Release|Any CPU.Build.0 = Release|Any CPU
		{21EC4962-48DE-44E6-8008-2127AC167168}.Release|ARM.ActiveCfg = Release|Any CPU
		{21EC4962-48DE-44E6-8008-2127AC167168}.Release|ARM.Build.0 = Release|Any CPU
		{21EC4962-48DE-44E6-8008-2127AC167168}.Release|ARM64.ActiveCfg = Release|Any CPU
		{21EC4962-48DE-44E6-8008-2127AC167168}.Release|ARM64.Build.0 = Release|Any CPU
		{21EC4962-48DE-44E6-8008-2127AC167168}.Release|x64.ActiveCfg = Release|Any CPU
		{21EC4962-48DE-44E6-8008-2127AC167168}.Release|x64.Build.0 = Release|Any CPU
		{21EC4962-48DE-44E6-8008-2127AC167168}.Release|x86.ActiveCfg = Release|Any CPU
		{21EC4962-48DE-44E6-8008-2127AC167168}.Release|x86.Build.0 = Release|Any CPU
		{AC18A0F0-8133-4616-819E-5B3CA39D7C3E}.Debug|Any CPU.ActiveCfg = Debug|Any CPU
		{AC18A0F0-8133-4616-819E-5B3CA39D7C3E}.Debug|Any CPU.Build.0 = Debug|Any CPU
		{AC18A0F0-8133-4616-819E-5B3CA39D7C3E}.Debug|ARM.ActiveCfg = Debug|Any CPU
		{AC18A0F0-8133-4616-819E-5B3CA39D7C3E}.Debug|ARM.Build.0 = Debug|Any CPU
		{AC18A0F0-8133-4616-819E-5B3CA39D7C3E}.Debug|ARM64.ActiveCfg = Debug|Any CPU
		{AC18A0F0-8133-4616-819E-5B3CA39D7C3E}.Debug|ARM64.Build.0 = Debug|Any CPU
		{AC18A0F0-8133-4616-819E-5B3CA39D7C3E}.Debug|x64.ActiveCfg = Debug|x64
		{AC18A0F0-8133-4616-819E-5B3CA39D7C3E}.Debug|x64.Build.0 = Debug|x64
		{AC18A0F0-8133-4616-819E-5B3CA39D7C3E}.Debug|x86.ActiveCfg = Debug|x86
		{AC18A0F0-8133-4616-819E-5B3CA39D7C3E}.Debug|x86.Build.0 = Debug|x86
		{AC18A0F0-8133-4616-819E-5B3CA39D7C3E}.Release|Any CPU.ActiveCfg = Release|Any CPU
		{AC18A0F0-8133-4616-819E-5B3CA39D7C3E}.Release|Any CPU.Build.0 = Release|Any CPU
		{AC18A0F0-8133-4616-819E-5B3CA39D7C3E}.Release|ARM.ActiveCfg = Release|Any CPU
		{AC18A0F0-8133-4616-819E-5B3CA39D7C3E}.Release|ARM.Build.0 = Release|Any CPU
		{AC18A0F0-8133-4616-819E-5B3CA39D7C3E}.Release|ARM64.ActiveCfg = Release|Any CPU
		{AC18A0F0-8133-4616-819E-5B3CA39D7C3E}.Release|ARM64.Build.0 = Release|Any CPU
		{AC18A0F0-8133-4616-819E-5B3CA39D7C3E}.Release|x64.ActiveCfg = Release|x64
		{AC18A0F0-8133-4616-819E-5B3CA39D7C3E}.Release|x64.Build.0 = Release|x64
		{AC18A0F0-8133-4616-819E-5B3CA39D7C3E}.Release|x86.ActiveCfg = Release|x86
		{AC18A0F0-8133-4616-819E-5B3CA39D7C3E}.Release|x86.Build.0 = Release|x86
		{FA635768-C590-45AD-A382-CDE27E21753C}.Debug|Any CPU.ActiveCfg = Debug|Any CPU
		{FA635768-C590-45AD-A382-CDE27E21753C}.Debug|Any CPU.Build.0 = Debug|Any CPU
		{FA635768-C590-45AD-A382-CDE27E21753C}.Debug|ARM.ActiveCfg = Debug|Any CPU
		{FA635768-C590-45AD-A382-CDE27E21753C}.Debug|ARM.Build.0 = Debug|Any CPU
		{FA635768-C590-45AD-A382-CDE27E21753C}.Debug|ARM64.ActiveCfg = Debug|Any CPU
		{FA635768-C590-45AD-A382-CDE27E21753C}.Debug|ARM64.Build.0 = Debug|Any CPU
		{FA635768-C590-45AD-A382-CDE27E21753C}.Debug|x64.ActiveCfg = Debug|Any CPU
		{FA635768-C590-45AD-A382-CDE27E21753C}.Debug|x64.Build.0 = Debug|Any CPU
		{FA635768-C590-45AD-A382-CDE27E21753C}.Debug|x86.ActiveCfg = Debug|Any CPU
		{FA635768-C590-45AD-A382-CDE27E21753C}.Debug|x86.Build.0 = Debug|Any CPU
		{FA635768-C590-45AD-A382-CDE27E21753C}.Release|Any CPU.ActiveCfg = Release|Any CPU
		{FA635768-C590-45AD-A382-CDE27E21753C}.Release|Any CPU.Build.0 = Release|Any CPU
		{FA635768-C590-45AD-A382-CDE27E21753C}.Release|ARM.ActiveCfg = Release|Any CPU
		{FA635768-C590-45AD-A382-CDE27E21753C}.Release|ARM.Build.0 = Release|Any CPU
		{FA635768-C590-45AD-A382-CDE27E21753C}.Release|ARM64.ActiveCfg = Release|Any CPU
		{FA635768-C590-45AD-A382-CDE27E21753C}.Release|ARM64.Build.0 = Release|Any CPU
		{FA635768-C590-45AD-A382-CDE27E21753C}.Release|x64.ActiveCfg = Release|Any CPU
		{FA635768-C590-45AD-A382-CDE27E21753C}.Release|x64.Build.0 = Release|Any CPU
		{FA635768-C590-45AD-A382-CDE27E21753C}.Release|x86.ActiveCfg = Release|Any CPU
		{FA635768-C590-45AD-A382-CDE27E21753C}.Release|x86.Build.0 = Release|Any CPU
		{EB81E1AB-B6E9-4298-BA8F-911386CB0C0C}.Debug|Any CPU.ActiveCfg = Debug|Any CPU
		{EB81E1AB-B6E9-4298-BA8F-911386CB0C0C}.Debug|Any CPU.Build.0 = Debug|Any CPU
		{EB81E1AB-B6E9-4298-BA8F-911386CB0C0C}.Debug|ARM.ActiveCfg = Debug|Any CPU
		{EB81E1AB-B6E9-4298-BA8F-911386CB0C0C}.Debug|ARM.Build.0 = Debug|Any CPU
		{EB81E1AB-B6E9-4298-BA8F-911386CB0C0C}.Debug|ARM64.ActiveCfg = Debug|Any CPU
		{EB81E1AB-B6E9-4298-BA8F-911386CB0C0C}.Debug|ARM64.Build.0 = Debug|Any CPU
		{EB81E1AB-B6E9-4298-BA8F-911386CB0C0C}.Debug|x64.ActiveCfg = Debug|Any CPU
		{EB81E1AB-B6E9-4298-BA8F-911386CB0C0C}.Debug|x64.Build.0 = Debug|Any CPU
		{EB81E1AB-B6E9-4298-BA8F-911386CB0C0C}.Debug|x86.ActiveCfg = Debug|Any CPU
		{EB81E1AB-B6E9-4298-BA8F-911386CB0C0C}.Debug|x86.Build.0 = Debug|Any CPU
		{EB81E1AB-B6E9-4298-BA8F-911386CB0C0C}.Release|Any CPU.ActiveCfg = Release|Any CPU
		{EB81E1AB-B6E9-4298-BA8F-911386CB0C0C}.Release|Any CPU.Build.0 = Release|Any CPU
		{EB81E1AB-B6E9-4298-BA8F-911386CB0C0C}.Release|ARM.ActiveCfg = Release|Any CPU
		{EB81E1AB-B6E9-4298-BA8F-911386CB0C0C}.Release|ARM.Build.0 = Release|Any CPU
		{EB81E1AB-B6E9-4298-BA8F-911386CB0C0C}.Release|ARM64.ActiveCfg = Release|Any CPU
		{EB81E1AB-B6E9-4298-BA8F-911386CB0C0C}.Release|ARM64.Build.0 = Release|Any CPU
		{EB81E1AB-B6E9-4298-BA8F-911386CB0C0C}.Release|x64.ActiveCfg = Release|Any CPU
		{EB81E1AB-B6E9-4298-BA8F-911386CB0C0C}.Release|x64.Build.0 = Release|Any CPU
		{EB81E1AB-B6E9-4298-BA8F-911386CB0C0C}.Release|x86.ActiveCfg = Release|Any CPU
		{EB81E1AB-B6E9-4298-BA8F-911386CB0C0C}.Release|x86.Build.0 = Release|Any CPU
		{C2281215-2B05-4291-9446-F11F94AED6FC}.Debug|Any CPU.ActiveCfg = Debug|Any CPU
		{C2281215-2B05-4291-9446-F11F94AED6FC}.Debug|Any CPU.Build.0 = Debug|Any CPU
		{C2281215-2B05-4291-9446-F11F94AED6FC}.Debug|ARM.ActiveCfg = Debug|Any CPU
		{C2281215-2B05-4291-9446-F11F94AED6FC}.Debug|ARM.Build.0 = Debug|Any CPU
		{C2281215-2B05-4291-9446-F11F94AED6FC}.Debug|ARM64.ActiveCfg = Debug|Any CPU
		{C2281215-2B05-4291-9446-F11F94AED6FC}.Debug|ARM64.Build.0 = Debug|Any CPU
		{C2281215-2B05-4291-9446-F11F94AED6FC}.Debug|x64.ActiveCfg = Debug|Any CPU
		{C2281215-2B05-4291-9446-F11F94AED6FC}.Debug|x64.Build.0 = Debug|Any CPU
		{C2281215-2B05-4291-9446-F11F94AED6FC}.Debug|x86.ActiveCfg = Debug|Any CPU
		{C2281215-2B05-4291-9446-F11F94AED6FC}.Debug|x86.Build.0 = Debug|Any CPU
		{C2281215-2B05-4291-9446-F11F94AED6FC}.Release|Any CPU.ActiveCfg = Release|Any CPU
		{C2281215-2B05-4291-9446-F11F94AED6FC}.Release|Any CPU.Build.0 = Release|Any CPU
		{C2281215-2B05-4291-9446-F11F94AED6FC}.Release|ARM.ActiveCfg = Release|Any CPU
		{C2281215-2B05-4291-9446-F11F94AED6FC}.Release|ARM.Build.0 = Release|Any CPU
		{C2281215-2B05-4291-9446-F11F94AED6FC}.Release|ARM64.ActiveCfg = Release|Any CPU
		{C2281215-2B05-4291-9446-F11F94AED6FC}.Release|ARM64.Build.0 = Release|Any CPU
		{C2281215-2B05-4291-9446-F11F94AED6FC}.Release|x64.ActiveCfg = Release|Any CPU
		{C2281215-2B05-4291-9446-F11F94AED6FC}.Release|x64.Build.0 = Release|Any CPU
		{C2281215-2B05-4291-9446-F11F94AED6FC}.Release|x86.ActiveCfg = Release|Any CPU
		{C2281215-2B05-4291-9446-F11F94AED6FC}.Release|x86.Build.0 = Release|Any CPU
		{8DE46A30-82BD-4626-98CC-0BFD414A7D0E}.Debug|Any CPU.ActiveCfg = Debug|Any CPU
		{8DE46A30-82BD-4626-98CC-0BFD414A7D0E}.Debug|Any CPU.Build.0 = Debug|Any CPU
		{8DE46A30-82BD-4626-98CC-0BFD414A7D0E}.Debug|ARM.ActiveCfg = Debug|Any CPU
		{8DE46A30-82BD-4626-98CC-0BFD414A7D0E}.Debug|ARM.Build.0 = Debug|Any CPU
		{8DE46A30-82BD-4626-98CC-0BFD414A7D0E}.Debug|ARM64.ActiveCfg = Debug|Any CPU
		{8DE46A30-82BD-4626-98CC-0BFD414A7D0E}.Debug|ARM64.Build.0 = Debug|Any CPU
		{8DE46A30-82BD-4626-98CC-0BFD414A7D0E}.Debug|x64.ActiveCfg = Debug|Any CPU
		{8DE46A30-82BD-4626-98CC-0BFD414A7D0E}.Debug|x64.Build.0 = Debug|Any CPU
		{8DE46A30-82BD-4626-98CC-0BFD414A7D0E}.Debug|x86.ActiveCfg = Debug|Any CPU
		{8DE46A30-82BD-4626-98CC-0BFD414A7D0E}.Debug|x86.Build.0 = Debug|Any CPU
		{8DE46A30-82BD-4626-98CC-0BFD414A7D0E}.Release|Any CPU.ActiveCfg = Release|Any CPU
		{8DE46A30-82BD-4626-98CC-0BFD414A7D0E}.Release|Any CPU.Build.0 = Release|Any CPU
		{8DE46A30-82BD-4626-98CC-0BFD414A7D0E}.Release|ARM.ActiveCfg = Release|Any CPU
		{8DE46A30-82BD-4626-98CC-0BFD414A7D0E}.Release|ARM.Build.0 = Release|Any CPU
		{8DE46A30-82BD-4626-98CC-0BFD414A7D0E}.Release|ARM64.ActiveCfg = Release|Any CPU
		{8DE46A30-82BD-4626-98CC-0BFD414A7D0E}.Release|ARM64.Build.0 = Release|Any CPU
		{8DE46A30-82BD-4626-98CC-0BFD414A7D0E}.Release|x64.ActiveCfg = Release|Any CPU
		{8DE46A30-82BD-4626-98CC-0BFD414A7D0E}.Release|x64.Build.0 = Release|Any CPU
		{8DE46A30-82BD-4626-98CC-0BFD414A7D0E}.Release|x86.ActiveCfg = Release|Any CPU
		{8DE46A30-82BD-4626-98CC-0BFD414A7D0E}.Release|x86.Build.0 = Release|Any CPU
		{EF368A4D-AF09-4E24-9FBB-5A444F503539}.Debug|Any CPU.ActiveCfg = Debug|Any CPU
		{EF368A4D-AF09-4E24-9FBB-5A444F503539}.Debug|Any CPU.Build.0 = Debug|Any CPU
		{EF368A4D-AF09-4E24-9FBB-5A444F503539}.Debug|ARM.ActiveCfg = Debug|Any CPU
		{EF368A4D-AF09-4E24-9FBB-5A444F503539}.Debug|ARM.Build.0 = Debug|Any CPU
		{EF368A4D-AF09-4E24-9FBB-5A444F503539}.Debug|ARM64.ActiveCfg = Debug|Any CPU
		{EF368A4D-AF09-4E24-9FBB-5A444F503539}.Debug|ARM64.Build.0 = Debug|Any CPU
		{EF368A4D-AF09-4E24-9FBB-5A444F503539}.Debug|x64.ActiveCfg = Debug|Any CPU
		{EF368A4D-AF09-4E24-9FBB-5A444F503539}.Debug|x64.Build.0 = Debug|Any CPU
		{EF368A4D-AF09-4E24-9FBB-5A444F503539}.Debug|x86.ActiveCfg = Debug|Any CPU
		{EF368A4D-AF09-4E24-9FBB-5A444F503539}.Debug|x86.Build.0 = Debug|Any CPU
		{EF368A4D-AF09-4E24-9FBB-5A444F503539}.Release|Any CPU.ActiveCfg = Release|Any CPU
		{EF368A4D-AF09-4E24-9FBB-5A444F503539}.Release|Any CPU.Build.0 = Release|Any CPU
		{EF368A4D-AF09-4E24-9FBB-5A444F503539}.Release|ARM.ActiveCfg = Release|Any CPU
		{EF368A4D-AF09-4E24-9FBB-5A444F503539}.Release|ARM.Build.0 = Release|Any CPU
		{EF368A4D-AF09-4E24-9FBB-5A444F503539}.Release|ARM64.ActiveCfg = Release|Any CPU
		{EF368A4D-AF09-4E24-9FBB-5A444F503539}.Release|ARM64.Build.0 = Release|Any CPU
		{EF368A4D-AF09-4E24-9FBB-5A444F503539}.Release|x64.ActiveCfg = Release|Any CPU
		{EF368A4D-AF09-4E24-9FBB-5A444F503539}.Release|x64.Build.0 = Release|Any CPU
		{EF368A4D-AF09-4E24-9FBB-5A444F503539}.Release|x86.ActiveCfg = Release|Any CPU
		{EF368A4D-AF09-4E24-9FBB-5A444F503539}.Release|x86.Build.0 = Release|Any CPU
		{88638CDC-001C-4738-A009-CD6BD379F9C6}.Debug|Any CPU.ActiveCfg = Debug|Any CPU
		{88638CDC-001C-4738-A009-CD6BD379F9C6}.Debug|Any CPU.Build.0 = Debug|Any CPU
		{88638CDC-001C-4738-A009-CD6BD379F9C6}.Debug|ARM.ActiveCfg = Debug|Any CPU
		{88638CDC-001C-4738-A009-CD6BD379F9C6}.Debug|ARM.Build.0 = Debug|Any CPU
		{88638CDC-001C-4738-A009-CD6BD379F9C6}.Debug|ARM64.ActiveCfg = Debug|Any CPU
		{88638CDC-001C-4738-A009-CD6BD379F9C6}.Debug|ARM64.Build.0 = Debug|Any CPU
		{88638CDC-001C-4738-A009-CD6BD379F9C6}.Debug|x64.ActiveCfg = Debug|Any CPU
		{88638CDC-001C-4738-A009-CD6BD379F9C6}.Debug|x64.Build.0 = Debug|Any CPU
		{88638CDC-001C-4738-A009-CD6BD379F9C6}.Debug|x86.ActiveCfg = Debug|Any CPU
		{88638CDC-001C-4738-A009-CD6BD379F9C6}.Debug|x86.Build.0 = Debug|Any CPU
		{88638CDC-001C-4738-A009-CD6BD379F9C6}.Release|Any CPU.ActiveCfg = Release|Any CPU
		{88638CDC-001C-4738-A009-CD6BD379F9C6}.Release|Any CPU.Build.0 = Release|Any CPU
		{88638CDC-001C-4738-A009-CD6BD379F9C6}.Release|ARM.ActiveCfg = Release|Any CPU
		{88638CDC-001C-4738-A009-CD6BD379F9C6}.Release|ARM.Build.0 = Release|Any CPU
		{88638CDC-001C-4738-A009-CD6BD379F9C6}.Release|ARM64.ActiveCfg = Release|Any CPU
		{88638CDC-001C-4738-A009-CD6BD379F9C6}.Release|ARM64.Build.0 = Release|Any CPU
		{88638CDC-001C-4738-A009-CD6BD379F9C6}.Release|x64.ActiveCfg = Release|Any CPU
		{88638CDC-001C-4738-A009-CD6BD379F9C6}.Release|x64.Build.0 = Release|Any CPU
		{88638CDC-001C-4738-A009-CD6BD379F9C6}.Release|x86.ActiveCfg = Release|Any CPU
		{88638CDC-001C-4738-A009-CD6BD379F9C6}.Release|x86.Build.0 = Release|Any CPU
		{30FFF629-F030-4EC0-9BCA-93D6267C1776}.Debug|Any CPU.ActiveCfg = Debug|Any CPU
		{30FFF629-F030-4EC0-9BCA-93D6267C1776}.Debug|Any CPU.Build.0 = Debug|Any CPU
		{30FFF629-F030-4EC0-9BCA-93D6267C1776}.Debug|ARM.ActiveCfg = Debug|Any CPU
		{30FFF629-F030-4EC0-9BCA-93D6267C1776}.Debug|ARM.Build.0 = Debug|Any CPU
		{30FFF629-F030-4EC0-9BCA-93D6267C1776}.Debug|ARM64.ActiveCfg = Debug|Any CPU
		{30FFF629-F030-4EC0-9BCA-93D6267C1776}.Debug|ARM64.Build.0 = Debug|Any CPU
		{30FFF629-F030-4EC0-9BCA-93D6267C1776}.Debug|x64.ActiveCfg = Debug|Any CPU
		{30FFF629-F030-4EC0-9BCA-93D6267C1776}.Debug|x64.Build.0 = Debug|Any CPU
		{30FFF629-F030-4EC0-9BCA-93D6267C1776}.Debug|x86.ActiveCfg = Debug|Any CPU
		{30FFF629-F030-4EC0-9BCA-93D6267C1776}.Debug|x86.Build.0 = Debug|Any CPU
		{30FFF629-F030-4EC0-9BCA-93D6267C1776}.Release|Any CPU.ActiveCfg = Release|Any CPU
		{30FFF629-F030-4EC0-9BCA-93D6267C1776}.Release|Any CPU.Build.0 = Release|Any CPU
		{30FFF629-F030-4EC0-9BCA-93D6267C1776}.Release|ARM.ActiveCfg = Release|Any CPU
		{30FFF629-F030-4EC0-9BCA-93D6267C1776}.Release|ARM.Build.0 = Release|Any CPU
		{30FFF629-F030-4EC0-9BCA-93D6267C1776}.Release|ARM64.ActiveCfg = Release|Any CPU
		{30FFF629-F030-4EC0-9BCA-93D6267C1776}.Release|ARM64.Build.0 = Release|Any CPU
		{30FFF629-F030-4EC0-9BCA-93D6267C1776}.Release|x64.ActiveCfg = Release|Any CPU
		{30FFF629-F030-4EC0-9BCA-93D6267C1776}.Release|x64.Build.0 = Release|Any CPU
		{30FFF629-F030-4EC0-9BCA-93D6267C1776}.Release|x86.ActiveCfg = Release|Any CPU
		{30FFF629-F030-4EC0-9BCA-93D6267C1776}.Release|x86.Build.0 = Release|Any CPU
	EndGlobalSection
	GlobalSection(SolutionProperties) = preSolution
		HideSolutionNode = FALSE
	EndGlobalSection
	GlobalSection(ExtensibilityGlobals) = postSolution
		SolutionGuid = {20548EE7-3CCB-406F-936E-16C89B33153F}
	EndGlobalSection
EndGlobal
